
Microsoft Visual Studio Solution File, Format Version 12.00
# Visual Studio 15
VisualStudioVersion = 15.0.27004.2002
MinimumVisualStudioVersion = 10.0.40219.1
Project("{FAE04EC0-301F-11D3-BF4B-00C04F79EFBC}") = "LYNX_UtilizationV1", "LYNX_UtilizationV1\LYNX_UtilizationV1.csproj", "{22428BB5-4E44-452C-9891-CCF049C7902D}"
EndProject
Global
	GlobalSection(SolutionConfigurationPlatforms) = preSolution
		Debug|Any CPU = Debug|Any CPU
		Release|Any CPU = Release|Any CPU
	EndGlobalSection
	GlobalSection(ProjectConfigurationPlatforms) = postSolution
		{22428BB5-4E44-452C-9891-CCF049C7902D}.Debug|Any CPU.ActiveCfg = Debug|Any CPU
		{22428BB5-4E44-452C-9891-CCF049C7902D}.Debug|Any CPU.Build.0 = Debug|Any CPU
		{22428BB5-4E44-452C-9891-CCF049C7902D}.Release|Any CPU.ActiveCfg = Release|Any CPU
		{22428BB5-4E44-452C-9891-CCF049C7902D}.Release|Any CPU.Build.0 = Release|Any CPU
	EndGlobalSection
	GlobalSection(SolutionProperties) = preSolution
		HideSolutionNode = FALSE
	EndGlobalSection
	GlobalSection(ExtensibilityGlobals) = postSolution
		SolutionGuid = {2953A499-32DE-4EA2-9319-A6915152FC87}
	EndGlobalSection
EndGlobal
